{
  "version": "5",
  "specifiers": {
    "jsr:@negrel/http-ece@0.6.0": "0.6.0",
    "jsr:@negrel/webpush@0.3": "0.3.0",
    "jsr:@std/assert@0.224": "0.224.0",
    "jsr:@std/bytes@0.224.0": "0.224.0",
    "jsr:@std/encoding@0.224.0": "0.224.0",
    "jsr:@std/media-types@0.224.0": "0.224.0",
    "jsr:@std/path@0.224.0": "0.224.0",
    "jsr:@supabase/supabase-js@2": "2.110.8",
    "npm:@supabase/auth-js@2.110.8": "2.110.8",
    "npm:@supabase/functions-js@2.110.8": "2.110.8",
    "npm:@supabase/postgrest-js@2.110.8": "2.110.8",
    "npm:@supabase/realtime-js@2.110.8": "2.110.8",
    "npm:@supabase/storage-js@2.110.8": "2.110.8",
    "npm:h5wasm@0.7.5": "0.7.5"
  },
  "jsr": {
    "@negrel/http-ece@0.6.0": {
      "integrity": "7afdd81b86ea5b21a9677b323c01c3338705e11cc2bfed250870f5349d8f86f7",
      "dependencies": [
        "jsr:@std/bytes",
        "jsr:@std/encoding"
      ]
    },
    "@negrel/webpush@0.3.0": {
      "integrity": "5200a56e81668f2debadea228fbeabfe0eda2ee85a56786611dd97950bc51b23",
      "dependencies": [
        "jsr:@negrel/http-ece",
        "jsr:@std/bytes",
        "jsr:@std/encoding",
        "jsr:@std/media-types",
        "jsr:@std/path"
      ]
    },
    "@std/assert@0.224.0": {
      "integrity": "8643233ec7aec38a940a8264a6e3eed9bfa44e7a71cc6b3c8874213ff401967f"
    },
    "@std/bytes@0.224.0": {
      "integrity": "a2250e1d0eb7d1c5a426f21267ab9bdeac2447fa87a3d0d1a467d3f7a6058e49"
    },
    "@std/encoding@0.224.0": {
      "integrity": "efb6dca97d3e9c31392bd5c8cfd9f9fc9decf5a1f4d1f78af7900a493bcf89b5"
    },
    "@std/media-types@0.224.0": {
      "integrity": "5ac87989393f8cb1c81bee02aef6f5d4c8289b416deabc04f9ad25dff292d0b0"
    },
    "@std/path@0.224.0": {
      "integrity": "55bca6361e5a6d158b9380e82d4981d82d338ec587de02951e2b7c3a24910ee6",
      "dependencies": [
        "jsr:@std/assert"
      ]
    },
    "@supabase/supabase-js@2.110.8": {
      "integrity": "cca2005b5b6f7b52c1113085528fc1cd3506d373d9e4cc304fc8fe92d4fa0e1a",
      "dependencies": [
        "npm:@supabase/auth-js",
        "npm:@supabase/functions-js",
        "npm:@supabase/postgrest-js",
        "npm:@supabase/realtime-js",
        "npm:@supabase/storage-js"
      ]
    }
  },
  "npm": {
    "@supabase/auth-js@2.110.8": {
      "integrity": "sha512-TQ5neTUDX2C2WmyYa03yGhLMkhdE/SkHXtK8/qxO/APUy3rsymsJCBP48p4jcN6iO2G0ow6RRexQd2mX+dSyJg==",
      "dependencies": [
        "tslib"
      ]
    },
    "@supabase/functions-js@2.110.8": {
      "integrity": "sha512-5yB9TLYzvv2oSQxwb0gamEvIAsuH66pVt7AM/pz03S7wN6ehD34GNgbShrccetqPedXQSz7e/1hAJ9NeEhoZVg==",
      "dependencies": [
        "tslib"
      ]
    },
    "@supabase/phoenix@0.4.5": {
      "integrity": "sha512-aAn9H9ovVyeApKy11OWOrrOGq8DV68yWeH4ud2lN9fzn4aO8Zb5GLL9m1pUg9nLqIcT+ZDfAcsZe0E/nqdv2lw=="
    },
    "@supabase/postgrest-js@2.110.8": {
      "integrity": "sha512-QeRROxl1PpOZw5Jzi7BwdN9icsycMrLlCCvsjS0hYLW+nZoaT46zdagz/glJirj8jHF4jSd5Jyipuae2cBClCw==",
      "dependencies": [
        "tslib"
      ]
    },
    "@supabase/realtime-js@2.110.8": {
      "integrity": "sha512-mwX7ituX6O31fLf+0g65rpLlNxqgnMaPltPsQwzox6jfmbfVl3tCxXrfr3HEsQcCRjpjuJG1+A0vFzP1yVjKHA==",
      "dependencies": [
        "@supabase/phoenix",
        "tslib"
      ]
    },
    "@supabase/storage-js@2.110.8": {
      "integrity": "sha512-CcfhkZFBLxsthgUabZKxwfsoXdrikIGsL3LsGoV3FZTqCMx/s1y49taT4jT/oya5+1IuB0sFFHw6pF0o0iJniQ==",
      "dependencies": [
        "iceberg-js",
        "tslib"
      ]
    },
    "h5wasm@0.7.5": {
      "integrity": "sha512-gkIAs6pyn3c5r2q9Y2gYAUqL6AgtxUSVYe0L7mFTu5NNSFlTPtidOfJxQQLYEm31Zp0+OKbLXhfuI4PSHf4+Rw=="
    },
    "iceberg-js@0.8.1": {
      "integrity": "sha512-1dhVQZXhcHje7798IVM+xoo/1ZdVfzOMIc8/rgVSijRK38EDqOJoGula9N/8ZI5RD8QTxNQtK/Gozpr+qUqRRA=="
    },
    "tslib@2.8.1": {
      "integrity": "sha512-oJFu94HQb+KVduSUQL7wnpmqnfmLsOA/nAh6b6EH0wCEoK0/mPeXU6c3wKDV83MkOuHPRHtSXKKU99IBazS/2w=="
    }
  },
  "remote": {
    "https://deno.land/std@0.173.0/encoding/base64.ts": "7de04c2f8aeeb41453b09b186480be90f2ff357613b988e99fabb91d2eeceba1",
    "https://deno.land/x/denomailer@1.6.0/client/basic/QUE.ts": "5af1dfcc5814bf4542f098908ac1fdd8a1a1c2b1597138a121c95eaa791315d0",
    "https://deno.land/x/denomailer@1.6.0/client/basic/client.ts": "462e4db45ae218647812ceae720d55ea33e0e928f9138fee9da5913cbb1e20f9",
    "https://deno.land/x/denomailer@1.6.0/client/basic/connection.ts": "68de68d7551d8303629905c2b7581cb09b45646e530ce93a5786ca1aba61055c",
    "https://deno.land/x/denomailer@1.6.0/client/basic/transforms.ts": "e630a23d24e9b397e231ae8796c0a0080770ac6f5ab9bffc105d3717706e62c9",
    "https://deno.land/x/denomailer@1.6.0/client/mod.ts": "8ec4c25d9586f83f8629768311a077eaf03b1490dcb872030ba2e27fadb674d8",
    "https://deno.land/x/denomailer@1.6.0/client/pool.ts": "0466e69ca8959aa85501cc6b30d7f5fd8e43b0a6ac88ecc60dab71081e801bae",
    "https://deno.land/x/denomailer@1.6.0/client/worker/worker.ts": "a4c3a3e2e1fde0967817ece7c345a565eb44a7312acf8d46ce620d4ff4443b31",
    "https://deno.land/x/denomailer@1.6.0/config/client.ts": "302f5c18fbb5531b5615613084b86d44120acc210e072f4135e431fa27fc4526",
    "https://deno.land/x/denomailer@1.6.0/config/mail/attachments.ts": "1f357bddc9d5e813c3f647498db81a165a1a8a7163116c58dc10cf01427fd81e",
    "https://deno.land/x/denomailer@1.6.0/config/mail/content.ts": "3925d4c3baaabed4e08933159d34b1450e6426b35a5bc323a0666780bef20192",
    "https://deno.land/x/denomailer@1.6.0/config/mail/email.ts": "bb0ca104bf9cb54af6613a04b3f8cb05290f4fb012e7113f1d050cab10226a7c",
    "https://deno.land/x/denomailer@1.6.0/config/mail/encoding.ts": "0bc5983ada3b902333925cdca225f8ea5e28fffbc2f1bd2b0ccb9a423f6f7fcc",
    "https://deno.land/x/denomailer@1.6.0/config/mail/headers.ts": "ce94874beb5a1a7248b5b91bf1ae3b3aed2d4c0541f3f448f2bbfad6c8f570ee",
    "https://deno.land/x/denomailer@1.6.0/config/mail/mod.ts": "a7fafa3386a45a585d7983d816b09ddc28b2f2b84097a614f1e38685b1f62868",
    "https://deno.land/x/denomailer@1.6.0/deps.ts": "12bef188bb2a490fedc82ac1889f3d438e8a15887c423b045fee532b31a43102",
    "https://deno.land/x/denomailer@1.6.0/mod.ts": "71a197dff098194ab53691abd3c9d22a276ef04e1382eb85f5632dbcb5a83bf3"
  }
}
